
Microsoft Visual Studio Solution File, Format Version 12.00
# Visual Studio 15
VisualStudioVersion = 15.0.26127.0
MinimumVisualStudioVersion = 10.0.40219.1
Project("{FAE04EC0-301F-11D3-BF4B-00C04F79EFBC}") = "Auto.Aquaponics.Kernel", "Auto.Aquaponics.Kernel\Auto.Aquaponics.Kernel.csproj", "{70C3C0E4-09F7-450D-81AD-D86637900890}"
EndProject
Project("{FAE04EC0-301F-11D3-BF4B-00C04F79EFBC}") = "Auto.Aquaponics.Kernel.Tests", "Auto.Aquaponics.Kernel.Tests\Auto.Aquaponics.Kernel.Tests.csproj", "{A0E17789-13C4-4699-AA39-0988A90BA379}"
EndProject
Project("{FAE04EC0-301F-11D3-BF4B-00C04F79EFBC}") = "Auto.Aquaponics.Kernel.Persistence.Mongo", "Auto.Aquaponics.Kernel.Persistence.Mongo\Auto.Aquaponics.Kernel.Persistence.Mongo.csproj", "{58846FB9-0F2C-411C-954F-C72CB676FD12}"
EndProject
Project("{FAE04EC0-301F-11D3-BF4B-00C04F79EFBC}") = "Auto.Aquaponics.Kernel.Persistence.Mongo.Tests", "Auto.Aquaponics.Kernel.Persistence.Mongo.Tests\Auto.Aquaponics.Kernel.Persistence.Mongo.Tests.csproj", "{BD95A982-4F7D-49C0-BA65-A1A6F141850E}"
EndProject
Project("{FAE04EC0-301F-11D3-BF4B-00C04F79EFBC}") = "Auto.Aquaponics", "Auto.Aquaponics\Auto.Aquaponics.csproj", "{C1880DAC-2C2C-46DC-BDF2-FA10B819A61C}"
EndProject
Project("{FAE04EC0-301F-11D3-BF4B-00C04F79EFBC}") = "Auto.Aquaponics.Tests", "Auto.Aquaponics.Tests\Auto.Aquaponics.Tests.csproj", "{29D8A9F8-7AAE-4F06-A364-632C2FBA0077}"
EndProject
Global
	GlobalSection(SolutionConfigurationPlatforms) = preSolution
		Debug|Any CPU = Debug|Any CPU
		Debug|x64 = Debug|x64
		Debug|x86 = Debug|x86
		Release|Any CPU = Release|Any CPU
		Release|x64 = Release|x64
		Release|x86 = Release|x86
	EndGlobalSection
	GlobalSection(ProjectConfigurationPlatforms) = postSolution
		{70C3C0E4-09F7-450D-81AD-D86637900890}.Debug|Any CPU.ActiveCfg = Debug|Any CPU
		{70C3C0E4-09F7-450D-81AD-D86637900890}.Debug|Any CPU.Build.0 = Debug|Any CPU
		{70C3C0E4-09F7-450D-81AD-D86637900890}.Debug|x64.ActiveCfg = Debug|Any CPU
		{70C3C0E4-09F7-450D-81AD-D86637900890}.Debug|x64.Build.0 = Debug|Any CPU
		{70C3C0E4-09F7-450D-81AD-D86637900890}.Debug|x86.ActiveCfg = Debug|Any CPU
		{70C3C0E4-09F7-450D-81AD-D86637900890}.Debug|x86.Build.0 = Debug|Any CPU
		{70C3C0E4-09F7-450D-81AD-D86637900890}.Release|Any CPU.ActiveCfg = Release|Any CPU
		{70C3C0E4-09F7-450D-81AD-D86637900890}.Release|Any CPU.Build.0 = Release|Any CPU
		{70C3C0E4-09F7-450D-81AD-D86637900890}.Release|x64.ActiveCfg = Release|Any CPU
		{70C3C0E4-09F7-450D-81AD-D86637900890}.Release|x64.Build.0 = Release|Any CPU
		{70C3C0E4-09F7-450D-81AD-D86637900890}.Release|x86.ActiveCfg = Release|Any CPU
		{70C3C0E4-09F7-450D-81AD-D86637900890}.Release|x86.Build.0 = Release|Any CPU
		{A0E17789-13C4-4699-AA39-0988A90BA379}.Debug|Any CPU.ActiveCfg = Debug|Any CPU
		{A0E17789-13C4-4699-AA39-0988A90BA379}.Debug|Any CPU.Build.0 = Debug|Any CPU
		{A0E17789-13C4-4699-AA39-0988A90BA379}.Debug|x64.ActiveCfg = Debug|Any CPU
		{A0E17789-13C4-4699-AA39-0988A90BA379}.Debug|x64.Build.0 = Debug|Any CPU
		{A0E17789-13C4-4699-AA39-0988A90BA379}.Debug|x86.ActiveCfg = Debug|Any CPU
		{A0E17789-13C4-4699-AA39-0988A90BA379}.Debug|x86.Build.0 = Debug|Any CPU
		{A0E17789-13C4-4699-AA39-0988A90BA379}.Release|Any CPU.ActiveCfg = Release|Any CPU
		{A0E17789-13C4-4699-AA39-0988A90BA379}.Release|Any CPU.Build.0 = Release|Any CPU
		{A0E17789-13C4-4699-AA39-0988A90BA379}.Release|x64.ActiveCfg = Release|Any CPU
		{A0E17789-13C4-4699-AA39-0988A90BA379}.Release|x64.Build.0 = Release|Any CPU
		{A0E17789-13C4-4699-AA39-0988A90BA379}.Release|x86.ActiveCfg = Release|Any CPU
		{A0E17789-13C4-4699-AA39-0988A90BA379}.Release|x86.Build.0 = Release|Any CPU
		{58846FB9-0F2C-411C-954F-C72CB676FD12}.Debug|Any CPU.ActiveCfg = Debug|Any CPU
		{58846FB9-0F2C-411C-954F-C72CB676FD12}.Debug|Any CPU.Build.0 = Debug|Any CPU
		{58846FB9-0F2C-411C-954F-C72CB676FD12}.Debug|x64.ActiveCfg = Debug|Any CPU
		{58846FB9-0F2C-411C-954F-C72CB676FD12}.Debug|x64.Build.0 = Debug|Any CPU
		{58846FB9-0F2C-411C-954F-C72CB676FD12}.Debug|x86.ActiveCfg = Debug|Any CPU
		{58846FB9-0F2C-411C-954F-C72CB676FD12}.Debug|x86.Build.0 = Debug|Any CPU
		{58846FB9-0F2C-411C-954F-C72CB676FD12}.Release|Any CPU.ActiveCfg = Release|Any CPU
		{58846FB9-0F2C-411C-954F-C72CB676FD12}.Release|Any CPU.Build.0 = Release|Any CPU
		{58846FB9-0F2C-411C-954F-C72CB676FD12}.Release|x64.ActiveCfg = Release|Any CPU
		{58846FB9-0F2C-411C-954F-C72CB676FD12}.Release|x64.Build.0 = Release|Any CPU
		{58846FB9-0F2C-411C-954F-C72CB676FD12}.Release|x86.ActiveCfg = Release|Any CPU
		{58846FB9-0F2C-411C-954F-C72CB676FD12}.Release|x86.Build.0 = Release|Any CPU
		{BD95A982-4F7D-49C0-BA65-A1A6F141850E}.Debug|Any CPU.ActiveCfg = Debug|Any CPU
		{BD95A982-4F7D-49C0-BA65-A1A6F141850E}.Debug|Any CPU.Build.0 = Debug|Any CPU
		{BD95A982-4F7D-49C0-BA65-A1A6F141850E}.Debug|x64.ActiveCfg = Debug|Any CPU
		{BD95A982-4F7D-49C0-BA65-A1A6F141850E}.Debug|x64.Build.0 = Debug|Any CPU
		{BD95A982-4F7D-49C0-BA65-A1A6F141850E}.Debug|x86.ActiveCfg = Debug|Any CPU
		{BD95A982-4F7D-49C0-BA65-A1A6F141850E}.Debug|x86.Build.0 = Debug|Any CPU
		{BD95A982-4F7D-49C0-BA65-A1A6F141850E}.Release|Any CPU.ActiveCfg = Release|Any CPU
		{BD95A982-4F7D-49C0-BA65-A1A6F141850E}.Release|Any CPU.Build.0 = Release|Any CPU
		{BD95A982-4F7D-49C0-BA65-A1A6F141850E}.Release|x64.ActiveCfg = Release|Any CPU
		{BD95A982-4F7D-49C0-BA65-A1A6F141850E}.Release|x64.Build.0 = Release|Any CPU
		{BD95A982-4F7D-49C0-BA65-A1A6F141850E}.Release|x86.ActiveCfg = Release|Any CPU
		{BD95A982-4F7D-49C0-BA65-A1A6F141850E}.Release|x86.Build.0 = Release|Any CPU
		{C1880DAC-2C2C-46DC-BDF2-FA10B819A61C}.Debug|Any CPU.ActiveCfg = Debug|Any CPU
		{C1880DAC-2C2C-46DC-BDF2-FA10B819A61C}.Debug|Any CPU.Build.0 = Debug|Any CPU
		{C1880DAC-2C2C-46DC-BDF2-FA10B819A61C}.Debug|x64.ActiveCfg = Debug|Any CPU
		{C1880DAC-2C2C-46DC-BDF2-FA10B819A61C}.Debug|x64.Build.0 = Debug|Any CPU
		{C1880DAC-2C2C-46DC-BDF2-FA10B819A61C}.Debug|x86.ActiveCfg = Debug|Any CPU
		{C1880DAC-2C2C-46DC-BDF2-FA10B819A61C}.Debug|x86.Build.0 = Debug|Any CPU
		{C1880DAC-2C2C-46DC-BDF2-FA10B819A61C}.Release|Any CPU.ActiveCfg = Release|Any CPU
		{C1880DAC-2C2C-46DC-BDF2-FA10B819A61C}.Release|Any CPU.Build.0 = Release|Any CPU
		{C1880DAC-2C2C-46DC-BDF2-FA10B819A61C}.Release|x64.ActiveCfg = Release|Any CPU
		{C1880DAC-2C2C-46DC-BDF2-FA10B819A61C}.Release|x64.Build.0 = Release|Any CPU
		{C1880DAC-2C2C-46DC-BDF2-FA10B819A61C}.Release|x86.ActiveCfg = Release|Any CPU
		{C1880DAC-2C2C-46DC-BDF2-FA10B819A61C}.Release|x86.Build.0 = Release|Any CPU
		{29D8A9F8-7AAE-4F06-A364-632C2FBA0077}.Debug|Any CPU.ActiveCfg = Debug|Any CPU
		{29D8A9F8-7AAE-4F06-A364-632C2FBA0077}.Debug|Any CPU.Build.0 = Debug|Any CPU
		{29D8A9F8-7AAE-4F06-A364-632C2FBA0077}.Debug|x64.ActiveCfg = Debug|Any CPU
		{29D8A9F8-7AAE-4F06-A364-632C2FBA0077}.Debug|x64.Build.0 = Debug|Any CPU
		{29D8A9F8-7AAE-4F06-A364-632C2FBA0077}.Debug|x86.ActiveCfg = Debug|Any CPU
		{29D8A9F8-7AAE-4F06-A364-632C2FBA0077}.Debug|x86.Build.0 = Debug|Any CPU
		{29D8A9F8-7AAE-4F06-A364-632C2FBA0077}.Release|Any CPU.ActiveCfg = Release|Any CPU
		{29D8A9F8-7AAE-4F06-A364-632C2FBA0077}.Release|Any CPU.Build.0 = Release|Any CPU
		{29D8A9F8-7AAE-4F06-A364-632C2FBA0077}.Release|x64.ActiveCfg = Release|Any CPU
		{29D8A9F8-7AAE-4F06-A364-632C2FBA0077}.Release|x64.Build.0 = Release|Any CPU
		{29D8A9F8-7AAE-4F06-A364-632C2FBA0077}.Release|x86.ActiveCfg = Release|Any CPU
		{29D8A9F8-7AAE-4F06-A364-632C2FBA0077}.Release|x86.Build.0 = Release|Any CPU
	EndGlobalSection
	GlobalSection(SolutionProperties) = preSolution
		HideSolutionNode = FALSE
	EndGlobalSection
EndGlobal
