
Microsoft Visual Studio Solution File, Format Version 12.00
# Visual Studio 15
VisualStudioVersion = 15.0.27004.2009
MinimumVisualStudioVersion = 10.0.40219.1
Project("{9A19103F-16F7-4668-BE54-9A1E7A4F7556}") = "Auto.Aquaponics", "Auto.Aquaponics\Auto.Aquaponics.csproj", "{AFC92DDD-6DF3-44CE-A2A4-8000A1B68B16}"
EndProject
Project("{9A19103F-16F7-4668-BE54-9A1E7A4F7556}") = "Auto.Aquaponics.Kernel", "Auto.Aquaponics.Kernel\Auto.Aquaponics.Kernel.csproj", "{9CDE2FCA-952C-4BF3-A121-14AFE4DB16B8}"
EndProject
Project("{9A19103F-16F7-4668-BE54-9A1E7A4F7556}") = "Auto.Aquaponics.Kernel.Tests", "Auto.Aquaponics.Kernel.Tests\Auto.Aquaponics.Kernel.Tests.csproj", "{A8C56539-5C3A-4416-BE0C-3F2B0C2D9B90}"
EndProject
Project("{9A19103F-16F7-4668-BE54-9A1E7A4F7556}") = "Auto.Aquaponics.HardCodedData", "Auto.Aquaponics.HardCodedData\Auto.Aquaponics.HardCodedData.csproj", "{015487C7-F989-4143-958E-CCF6CCAB471F}"
EndProject
Project("{2150E333-8FDC-42A3-9474-1A3956D46DE8}") = "Solution", "Solution", "{26900DF6-9396-400C-AB12-F521CCFC5215}"
	ProjectSection(SolutionItems) = preProject
		..\.gitattributes = ..\.gitattributes
		..\.gitignore = ..\.gitignore
		..\LICENSE = ..\LICENSE
	EndProjectSection
EndProject
Project("{FAE04EC0-301F-11D3-BF4B-00C04F79EFBC}") = "ConsoleApp1", "ConsoleApp1\ConsoleApp1.csproj", "{657C760D-569B-4E93-B966-E1E458F2DEDB}"
EndProject
Global
	GlobalSection(SolutionConfigurationPlatforms) = preSolution
		Debug|Any CPU = Debug|Any CPU
		Release|Any CPU = Release|Any CPU
	EndGlobalSection
	GlobalSection(ProjectConfigurationPlatforms) = postSolution
		{AFC92DDD-6DF3-44CE-A2A4-8000A1B68B16}.Debug|Any CPU.ActiveCfg = Debug|Any CPU
		{AFC92DDD-6DF3-44CE-A2A4-8000A1B68B16}.Debug|Any CPU.Build.0 = Debug|Any CPU
		{AFC92DDD-6DF3-44CE-A2A4-8000A1B68B16}.Release|Any CPU.ActiveCfg = Release|Any CPU
		{AFC92DDD-6DF3-44CE-A2A4-8000A1B68B16}.Release|Any CPU.Build.0 = Release|Any CPU
		{9CDE2FCA-952C-4BF3-A121-14AFE4DB16B8}.Debug|Any CPU.ActiveCfg = Debug|Any CPU
		{9CDE2FCA-952C-4BF3-A121-14AFE4DB16B8}.Debug|Any CPU.Build.0 = Debug|Any CPU
		{9CDE2FCA-952C-4BF3-A121-14AFE4DB16B8}.Release|Any CPU.ActiveCfg = Release|Any CPU
		{9CDE2FCA-952C-4BF3-A121-14AFE4DB16B8}.Release|Any CPU.Build.0 = Release|Any CPU
		{A8C56539-5C3A-4416-BE0C-3F2B0C2D9B90}.Debug|Any CPU.ActiveCfg = Debug|Any CPU
		{A8C56539-5C3A-4416-BE0C-3F2B0C2D9B90}.Debug|Any CPU.Build.0 = Debug|Any CPU
		{A8C56539-5C3A-4416-BE0C-3F2B0C2D9B90}.Release|Any CPU.ActiveCfg = Release|Any CPU
		{A8C56539-5C3A-4416-BE0C-3F2B0C2D9B90}.Release|Any CPU.Build.0 = Release|Any CPU
		{015487C7-F989-4143-958E-CCF6CCAB471F}.Debug|Any CPU.ActiveCfg = Debug|Any CPU
		{015487C7-F989-4143-958E-CCF6CCAB471F}.Debug|Any CPU.Build.0 = Debug|Any CPU
		{015487C7-F989-4143-958E-CCF6CCAB471F}.Release|Any CPU.ActiveCfg = Release|Any CPU
		{015487C7-F989-4143-958E-CCF6CCAB471F}.Release|Any CPU.Build.0 = Release|Any CPU
		{657C760D-569B-4E93-B966-E1E458F2DEDB}.Debug|Any CPU.ActiveCfg = Debug|Any CPU
		{657C760D-569B-4E93-B966-E1E458F2DEDB}.Debug|Any CPU.Build.0 = Debug|Any CPU
		{657C760D-569B-4E93-B966-E1E458F2DEDB}.Release|Any CPU.ActiveCfg = Release|Any CPU
		{657C760D-569B-4E93-B966-E1E458F2DEDB}.Release|Any CPU.Build.0 = Release|Any CPU
	EndGlobalSection
	GlobalSection(SolutionProperties) = preSolution
		HideSolutionNode = FALSE
	EndGlobalSection
	GlobalSection(ExtensibilityGlobals) = postSolution
		SolutionGuid = {C42A7710-E572-430D-B2B9-0E6D151366BA}
	EndGlobalSection
EndGlobal
