
Microsoft Visual Studio Solution File, Format Version 12.00
# Visual Studio 15
VisualStudioVersion = 15.0.26228.4
MinimumVisualStudioVersion = 10.0.40219.1
Project("{9A19103F-16F7-4668-BE54-9A1E7A4F7556}") = "Auto.Aquaponics", "Auto.Aquaponics\Auto.Aquaponics.csproj", "{264C9C5E-A589-4845-9BD3-B9628C1B3650}"
EndProject
Project("{FAE04EC0-301F-11D3-BF4B-00C04F79EFBC}") = "Auto.Aquaponics.Kernel", "Auto.Aquaponics.Kernel\Auto.Aquaponics.Kernel.csproj", "{7EB6A1FA-A5B5-4B97-A0D7-CFD4C439991A}"
EndProject
Project("{FAE04EC0-301F-11D3-BF4B-00C04F79EFBC}") = "Auto.Aquaponics.Kernel.Tests", "Auto.Aquaponics.Kernel.Tests\Auto.Aquaponics.Kernel.Tests.csproj", "{C3740CD9-D4C7-4432-A483-750EB38F50E6}"
EndProject
Project("{FAE04EC0-301F-11D3-BF4B-00C04F79EFBC}") = "Auto.Aquaponics.Tests", "Auto.Aquaponics.Tests\Auto.Aquaponics.Tests.csproj", "{B4296A96-DAEF-4DCC-B26F-B33D98C6A763}"
EndProject
Project("{FAE04EC0-301F-11D3-BF4B-00C04F79EFBC}") = "WebApplication1", "WebApplication1\WebApplication1.csproj", "{05F1B97E-2F8C-47EB-AB2C-8E0A81C5373C}"
EndProject
Project("{FAE04EC0-301F-11D3-BF4B-00C04F79EFBC}") = "Auto.Aquaponics.HardCodedData", "Auto.Aquaponics.HardCodedData\Auto.Aquaponics.HardCodedData.csproj", "{4F1E8A3E-76CE-4FC7-A4AB-F06608268A64}"
EndProject
Global
	GlobalSection(SolutionConfigurationPlatforms) = preSolution
		Debug|Any CPU = Debug|Any CPU
		Release|Any CPU = Release|Any CPU
	EndGlobalSection
	GlobalSection(ProjectConfigurationPlatforms) = postSolution
		{264C9C5E-A589-4845-9BD3-B9628C1B3650}.Debug|Any CPU.ActiveCfg = Debug|Any CPU
		{264C9C5E-A589-4845-9BD3-B9628C1B3650}.Debug|Any CPU.Build.0 = Debug|Any CPU
		{264C9C5E-A589-4845-9BD3-B9628C1B3650}.Release|Any CPU.ActiveCfg = Release|Any CPU
		{264C9C5E-A589-4845-9BD3-B9628C1B3650}.Release|Any CPU.Build.0 = Release|Any CPU
		{7EB6A1FA-A5B5-4B97-A0D7-CFD4C439991A}.Debug|Any CPU.ActiveCfg = Debug|Any CPU
		{7EB6A1FA-A5B5-4B97-A0D7-CFD4C439991A}.Debug|Any CPU.Build.0 = Debug|Any CPU
		{7EB6A1FA-A5B5-4B97-A0D7-CFD4C439991A}.Release|Any CPU.ActiveCfg = Release|Any CPU
		{7EB6A1FA-A5B5-4B97-A0D7-CFD4C439991A}.Release|Any CPU.Build.0 = Release|Any CPU
		{C3740CD9-D4C7-4432-A483-750EB38F50E6}.Debug|Any CPU.ActiveCfg = Debug|Any CPU
		{C3740CD9-D4C7-4432-A483-750EB38F50E6}.Debug|Any CPU.Build.0 = Debug|Any CPU
		{C3740CD9-D4C7-4432-A483-750EB38F50E6}.Release|Any CPU.ActiveCfg = Release|Any CPU
		{C3740CD9-D4C7-4432-A483-750EB38F50E6}.Release|Any CPU.Build.0 = Release|Any CPU
		{B4296A96-DAEF-4DCC-B26F-B33D98C6A763}.Debug|Any CPU.ActiveCfg = Debug|Any CPU
		{B4296A96-DAEF-4DCC-B26F-B33D98C6A763}.Debug|Any CPU.Build.0 = Debug|Any CPU
		{B4296A96-DAEF-4DCC-B26F-B33D98C6A763}.Release|Any CPU.ActiveCfg = Release|Any CPU
		{B4296A96-DAEF-4DCC-B26F-B33D98C6A763}.Release|Any CPU.Build.0 = Release|Any CPU
		{05F1B97E-2F8C-47EB-AB2C-8E0A81C5373C}.Debug|Any CPU.ActiveCfg = Debug|Any CPU
		{05F1B97E-2F8C-47EB-AB2C-8E0A81C5373C}.Debug|Any CPU.Build.0 = Debug|Any CPU
		{05F1B97E-2F8C-47EB-AB2C-8E0A81C5373C}.Release|Any CPU.ActiveCfg = Release|Any CPU
		{05F1B97E-2F8C-47EB-AB2C-8E0A81C5373C}.Release|Any CPU.Build.0 = Release|Any CPU
		{4F1E8A3E-76CE-4FC7-A4AB-F06608268A64}.Debug|Any CPU.ActiveCfg = Debug|Any CPU
		{4F1E8A3E-76CE-4FC7-A4AB-F06608268A64}.Debug|Any CPU.Build.0 = Debug|Any CPU
		{4F1E8A3E-76CE-4FC7-A4AB-F06608268A64}.Release|Any CPU.ActiveCfg = Release|Any CPU
		{4F1E8A3E-76CE-4FC7-A4AB-F06608268A64}.Release|Any CPU.Build.0 = Release|Any CPU
	EndGlobalSection
	GlobalSection(SolutionProperties) = preSolution
		HideSolutionNode = FALSE
	EndGlobalSection
EndGlobal
